
Microsoft Visual Studio Solution File, Format Version 10.00
# Visual Studio 2008
Project("{319CB2C6-23BD-43E1-85B5-2AAFA3577041}") = "hxProcessing", "hxProcessing.hxproj", "{1AA6BF05-C8C8-43D2-B63A-8FFF39F18698}"
EndProject
Global
	GlobalSection(SolutionConfigurationPlatforms) = preSolution
		Debug|Any CPU = Debug|Any CPU
		Release|Any CPU = Release|Any CPU
	EndGlobalSection
	GlobalSection(ProjectConfigurationPlatforms) = postSolution
		{1AA6BF05-C8C8-43D2-B63A-8FFF39F18698}.Debug|Any CPU.ActiveCfg = Debug|Any CPU
		{1AA6BF05-C8C8-43D2-B63A-8FFF39F18698}.Debug|Any CPU.Build.0 = Debug|Any CPU
		{1AA6BF05-C8C8-43D2-B63A-8FFF39F18698}.Release|Any CPU.ActiveCfg = Release|Any CPU
		{1AA6BF05-C8C8-43D2-B63A-8FFF39F18698}.Release|Any CPU.Build.0 = Release|Any CPU
	EndGlobalSection
	GlobalSection(MonoDevelopProperties) = preSolution
		StartupItem = hxProcessing.nmeproj
	EndGlobalSection
EndGlobal
